
Microsoft Visual Studio Solution File, Format Version 12.00
# Visual Studio 14
VisualStudioVersion = 14.0.24720.0
MinimumVisualStudioVersion = 10.0.40219.1
Project("{FAE04EC0-301F-11D3-BF4B-00C04F79EFBC}") = "GpbEstateAntiFraud", "GpbEstateAntiFraud\GpbEstateAntiFraud.csproj", "{12CB767E-765F-44B9-ABF3-443EA223443C}"
EndProject
Project("{FAE04EC0-301F-11D3-BF4B-00C04F79EFBC}") = "GpbEstateAntiFraud.Core", "GpbEstateAntiFraud.Core\GpbEstateAntiFraud.Core.csproj", "{38DD7757-D4B1-49F2-850B-7A728368F42C}"
EndProject
Project("{FAE04EC0-301F-11D3-BF4B-00C04F79EFBC}") = "GpbEstateAntiFraud.Data", "GpbEstateAntiFraud.Data\GpbEstateAntiFraud.Data.csproj", "{8B0C7CC0-EA57-4CD9-AC59-5817EC9F1F4C}"
EndProject
Project("{FAE04EC0-301F-11D3-BF4B-00C04F79EFBC}") = "GpbEstateAntiFraudLogin", "GpbEstateAntiFraudLogin\GpbEstateAntiFraudLogin.csproj", "{331234E7-2947-4931-B50E-BA63E8BCFB7D}"
EndProject
Project("{FAE04EC0-301F-11D3-BF4B-00C04F79EFBC}") = "GpbEstateAntiFraudLoadTest", "GpbEstateAntiFraudLoadTest\GpbEstateAntiFraudLoadTest.csproj", "{0820B627-EC01-49EB-AEE4-8ABA843448B8}"
EndProject
Project("{2150E333-8FDC-42A3-9474-1A3956D46DE8}") = "Solution Items", "Solution Items", "{43E38F87-0915-4711-AEF8-DA3DCEF39B71}"
	ProjectSection(SolutionItems) = preProject
		Local.testsettings = Local.testsettings
	EndProjectSection
EndProject
Project("{FAE04EC0-301F-11D3-BF4B-00C04F79EFBC}") = "GpbEstateAntiFraud.Test", "GpbEstateAntiFraud.Test\GpbEstateAntiFraud.Test.csproj", "{7733F008-BF1C-41CE-AAA8-053836273657}"
EndProject
Project("{00D1A9C2-B5F0-4AF3-8072-F6C62B433612}") = "AntiFraudDb", "..\..\DB\AntiFraudDb\AntiFraudDb.sqlproj", "{99AC97A8-C55A-406A-9B80-2F3EBEA21DD3}"
EndProject
Project("{00D1A9C2-B5F0-4AF3-8072-F6C62B433612}") = "AntiFraudAudit", "..\..\DB\AntiFraudAudit\AntiFraudAudit.sqlproj", "{B0733274-48A3-4BBB-9F30-C28AA30A1DA2}"
EndProject
Project("{00D1A9C2-B5F0-4AF3-8072-F6C62B433612}") = "AntiFraudConfig", "..\..\DB\AntiFraudConfig\AntiFraudConfig.sqlproj", "{C08C107E-E9B9-4022-A4C7-DA924B85BCB3}"
EndProject
Project("{FAE04EC0-301F-11D3-BF4B-00C04F79EFBC}") = "AlgorithmsService", "AlgorithmsService\AlgorithmsService.csproj", "{363B9739-3A21-489D-9F67-61CC9810F8F7}"
EndProject
Project("{FAE04EC0-301F-11D3-BF4B-00C04F79EFBC}") = "Algorithms", "Algorithms\Algorithms.csproj", "{2A0AEE60-B6FA-48B1-A157-82881DCC834F}"
EndProject
Project("{FAE04EC0-301F-11D3-BF4B-00C04F79EFBC}") = "Algorithms.Actors", "Algorithms.Actors\Algorithms.Actors.csproj", "{2744F31B-953E-4409-888C-E900865EC55B}"
EndProject
Project("{FAE04EC0-301F-11D3-BF4B-00C04F79EFBC}") = "Algorithms.Tests", "Algorithms.Tests\Algorithms.Tests.csproj", "{6DFC168D-152D-4AE6-A802-7E94FFAD5AFD}"
EndProject
Project("{FAE04EC0-301F-11D3-BF4B-00C04F79EFBC}") = "IntegrationServices", "IntegrationServices\IntegrationServices.csproj", "{7019AC28-236C-4988-9D7C-D198AF44B964}"
EndProject
Global
	GlobalSection(SolutionConfigurationPlatforms) = preSolution
		CD_ROM|Any CPU = CD_ROM|Any CPU
		CD_ROM|x64 = CD_ROM|x64
		Debug|Any CPU = Debug|Any CPU
		Debug|x64 = Debug|x64
		DVD-5|Any CPU = DVD-5|Any CPU
		DVD-5|x64 = DVD-5|x64
		Release|Any CPU = Release|Any CPU
		Release|x64 = Release|x64
		SingleImage|Any CPU = SingleImage|Any CPU
		SingleImage|x64 = SingleImage|x64
	EndGlobalSection
	GlobalSection(ProjectConfigurationPlatforms) = postSolution
		{12CB767E-765F-44B9-ABF3-443EA223443C}.CD_ROM|Any CPU.ActiveCfg = Release|Any CPU
		{12CB767E-765F-44B9-ABF3-443EA223443C}.CD_ROM|Any CPU.Build.0 = Release|Any CPU
		{12CB767E-765F-44B9-ABF3-443EA223443C}.CD_ROM|x64.ActiveCfg = Release|Any CPU
		{12CB767E-765F-44B9-ABF3-443EA223443C}.CD_ROM|x64.Build.0 = Release|Any CPU
		{12CB767E-765F-44B9-ABF3-443EA223443C}.Debug|Any CPU.ActiveCfg = Debug|Any CPU
		{12CB767E-765F-44B9-ABF3-443EA223443C}.Debug|Any CPU.Build.0 = Debug|Any CPU
		{12CB767E-765F-44B9-ABF3-443EA223443C}.Debug|x64.ActiveCfg = Debug|Any CPU
		{12CB767E-765F-44B9-ABF3-443EA223443C}.Debug|x64.Build.0 = Debug|Any CPU
		{12CB767E-765F-44B9-ABF3-443EA223443C}.DVD-5|Any CPU.ActiveCfg = Debug|Any CPU
		{12CB767E-765F-44B9-ABF3-443EA223443C}.DVD-5|Any CPU.Build.0 = Debug|Any CPU
		{12CB767E-765F-44B9-ABF3-443EA223443C}.DVD-5|x64.ActiveCfg = Debug|Any CPU
		{12CB767E-765F-44B9-ABF3-443EA223443C}.DVD-5|x64.Build.0 = Debug|Any CPU
		{12CB767E-765F-44B9-ABF3-443EA223443C}.Release|Any CPU.ActiveCfg = Release|Any CPU
		{12CB767E-765F-44B9-ABF3-443EA223443C}.Release|Any CPU.Build.0 = Release|Any CPU
		{12CB767E-765F-44B9-ABF3-443EA223443C}.Release|x64.ActiveCfg = Release|Any CPU
		{12CB767E-765F-44B9-ABF3-443EA223443C}.Release|x64.Build.0 = Release|Any CPU
		{12CB767E-765F-44B9-ABF3-443EA223443C}.SingleImage|Any CPU.ActiveCfg = Release|Any CPU
		{12CB767E-765F-44B9-ABF3-443EA223443C}.SingleImage|Any CPU.Build.0 = Release|Any CPU
		{12CB767E-765F-44B9-ABF3-443EA223443C}.SingleImage|x64.ActiveCfg = Release|Any CPU
		{12CB767E-765F-44B9-ABF3-443EA223443C}.SingleImage|x64.Build.0 = Release|Any CPU
		{38DD7757-D4B1-49F2-850B-7A728368F42C}.CD_ROM|Any CPU.ActiveCfg = Release|Any CPU
		{38DD7757-D4B1-49F2-850B-7A728368F42C}.CD_ROM|Any CPU.Build.0 = Release|Any CPU
		{38DD7757-D4B1-49F2-850B-7A728368F42C}.CD_ROM|x64.ActiveCfg = Release|Any CPU
		{38DD7757-D4B1-49F2-850B-7A728368F42C}.CD_ROM|x64.Build.0 = Release|Any CPU
		{38DD7757-D4B1-49F2-850B-7A728368F42C}.Debug|Any CPU.ActiveCfg = Debug|Any CPU
		{38DD7757-D4B1-49F2-850B-7A728368F42C}.Debug|Any CPU.Build.0 = Debug|Any CPU
		{38DD7757-D4B1-49F2-850B-7A728368F42C}.Debug|x64.ActiveCfg = Debug|Any CPU
		{38DD7757-D4B1-49F2-850B-7A728368F42C}.Debug|x64.Build.0 = Debug|Any CPU
		{38DD7757-D4B1-49F2-850B-7A728368F42C}.DVD-5|Any CPU.ActiveCfg = Debug|Any CPU
		{38DD7757-D4B1-49F2-850B-7A728368F42C}.DVD-5|Any CPU.Build.0 = Debug|Any CPU
		{38DD7757-D4B1-49F2-850B-7A728368F42C}.DVD-5|x64.ActiveCfg = Debug|Any CPU
		{38DD7757-D4B1-49F2-850B-7A728368F42C}.DVD-5|x64.Build.0 = Debug|Any CPU
		{38DD7757-D4B1-49F2-850B-7A728368F42C}.Release|Any CPU.ActiveCfg = Release|Any CPU
		{38DD7757-D4B1-49F2-850B-7A728368F42C}.Release|Any CPU.Build.0 = Release|Any CPU
		{38DD7757-D4B1-49F2-850B-7A728368F42C}.Release|x64.ActiveCfg = Release|Any CPU
		{38DD7757-D4B1-49F2-850B-7A728368F42C}.Release|x64.Build.0 = Release|Any CPU
		{38DD7757-D4B1-49F2-850B-7A728368F42C}.SingleImage|Any CPU.ActiveCfg = Release|Any CPU
		{38DD7757-D4B1-49F2-850B-7A728368F42C}.SingleImage|Any CPU.Build.0 = Release|Any CPU
		{38DD7757-D4B1-49F2-850B-7A728368F42C}.SingleImage|x64.ActiveCfg = Release|Any CPU
		{38DD7757-D4B1-49F2-850B-7A728368F42C}.SingleImage|x64.Build.0 = Release|Any CPU
		{8B0C7CC0-EA57-4CD9-AC59-5817EC9F1F4C}.CD_ROM|Any CPU.ActiveCfg = Release|Any CPU
		{8B0C7CC0-EA57-4CD9-AC59-5817EC9F1F4C}.CD_ROM|Any CPU.Build.0 = Release|Any CPU
		{8B0C7CC0-EA57-4CD9-AC59-5817EC9F1F4C}.CD_ROM|x64.ActiveCfg = Release|Any CPU
		{8B0C7CC0-EA57-4CD9-AC59-5817EC9F1F4C}.CD_ROM|x64.Build.0 = Release|Any CPU
		{8B0C7CC0-EA57-4CD9-AC59-5817EC9F1F4C}.Debug|Any CPU.ActiveCfg = Debug|Any CPU
		{8B0C7CC0-EA57-4CD9-AC59-5817EC9F1F4C}.Debug|Any CPU.Build.0 = Debug|Any CPU
		{8B0C7CC0-EA57-4CD9-AC59-5817EC9F1F4C}.Debug|x64.ActiveCfg = Debug|Any CPU
		{8B0C7CC0-EA57-4CD9-AC59-5817EC9F1F4C}.Debug|x64.Build.0 = Debug|Any CPU
		{8B0C7CC0-EA57-4CD9-AC59-5817EC9F1F4C}.DVD-5|Any CPU.ActiveCfg = Debug|Any CPU
		{8B0C7CC0-EA57-4CD9-AC59-5817EC9F1F4C}.DVD-5|Any CPU.Build.0 = Debug|Any CPU
		{8B0C7CC0-EA57-4CD9-AC59-5817EC9F1F4C}.DVD-5|x64.ActiveCfg = Debug|Any CPU
		{8B0C7CC0-EA57-4CD9-AC59-5817EC9F1F4C}.DVD-5|x64.Build.0 = Debug|Any CPU
		{8B0C7CC0-EA57-4CD9-AC59-5817EC9F1F4C}.Release|Any CPU.ActiveCfg = Release|Any CPU
		{8B0C7CC0-EA57-4CD9-AC59-5817EC9F1F4C}.Release|Any CPU.Build.0 = Release|Any CPU
		{8B0C7CC0-EA57-4CD9-AC59-5817EC9F1F4C}.Release|x64.ActiveCfg = Release|Any CPU
		{8B0C7CC0-EA57-4CD9-AC59-5817EC9F1F4C}.Release|x64.Build.0 = Release|Any CPU
		{8B0C7CC0-EA57-4CD9-AC59-5817EC9F1F4C}.SingleImage|Any CPU.ActiveCfg = Release|Any CPU
		{8B0C7CC0-EA57-4CD9-AC59-5817EC9F1F4C}.SingleImage|Any CPU.Build.0 = Release|Any CPU
		{8B0C7CC0-EA57-4CD9-AC59-5817EC9F1F4C}.SingleImage|x64.ActiveCfg = Release|Any CPU
		{8B0C7CC0-EA57-4CD9-AC59-5817EC9F1F4C}.SingleImage|x64.Build.0 = Release|Any CPU
		{331234E7-2947-4931-B50E-BA63E8BCFB7D}.CD_ROM|Any CPU.ActiveCfg = Release|Any CPU
		{331234E7-2947-4931-B50E-BA63E8BCFB7D}.CD_ROM|Any CPU.Build.0 = Release|Any CPU
		{331234E7-2947-4931-B50E-BA63E8BCFB7D}.CD_ROM|x64.ActiveCfg = Release|Any CPU
		{331234E7-2947-4931-B50E-BA63E8BCFB7D}.CD_ROM|x64.Build.0 = Release|Any CPU
		{331234E7-2947-4931-B50E-BA63E8BCFB7D}.Debug|Any CPU.ActiveCfg = Debug|Any CPU
		{331234E7-2947-4931-B50E-BA63E8BCFB7D}.Debug|Any CPU.Build.0 = Debug|Any CPU
		{331234E7-2947-4931-B50E-BA63E8BCFB7D}.Debug|x64.ActiveCfg = Debug|Any CPU
		{331234E7-2947-4931-B50E-BA63E8BCFB7D}.Debug|x64.Build.0 = Debug|Any CPU
		{331234E7-2947-4931-B50E-BA63E8BCFB7D}.DVD-5|Any CPU.ActiveCfg = Debug|Any CPU
		{331234E7-2947-4931-B50E-BA63E8BCFB7D}.DVD-5|Any CPU.Build.0 = Debug|Any CPU
		{331234E7-2947-4931-B50E-BA63E8BCFB7D}.DVD-5|x64.ActiveCfg = Debug|Any CPU
		{331234E7-2947-4931-B50E-BA63E8BCFB7D}.DVD-5|x64.Build.0 = Debug|Any CPU
		{331234E7-2947-4931-B50E-BA63E8BCFB7D}.Release|Any CPU.ActiveCfg = Release|Any CPU
		{331234E7-2947-4931-B50E-BA63E8BCFB7D}.Release|Any CPU.Build.0 = Release|Any CPU
		{331234E7-2947-4931-B50E-BA63E8BCFB7D}.Release|x64.ActiveCfg = Release|Any CPU
		{331234E7-2947-4931-B50E-BA63E8BCFB7D}.Release|x64.Build.0 = Release|Any CPU
		{331234E7-2947-4931-B50E-BA63E8BCFB7D}.SingleImage|Any CPU.ActiveCfg = Release|Any CPU
		{331234E7-2947-4931-B50E-BA63E8BCFB7D}.SingleImage|Any CPU.Build.0 = Release|Any CPU
		{331234E7-2947-4931-B50E-BA63E8BCFB7D}.SingleImage|x64.ActiveCfg = Release|Any CPU
		{331234E7-2947-4931-B50E-BA63E8BCFB7D}.SingleImage|x64.Build.0 = Release|Any CPU
		{0820B627-EC01-49EB-AEE4-8ABA843448B8}.CD_ROM|Any CPU.ActiveCfg = Release|Any CPU
		{0820B627-EC01-49EB-AEE4-8ABA843448B8}.CD_ROM|Any CPU.Build.0 = Release|Any CPU
		{0820B627-EC01-49EB-AEE4-8ABA843448B8}.CD_ROM|x64.ActiveCfg = Release|Any CPU
		{0820B627-EC01-49EB-AEE4-8ABA843448B8}.CD_ROM|x64.Build.0 = Release|Any CPU
		{0820B627-EC01-49EB-AEE4-8ABA843448B8}.Debug|Any CPU.ActiveCfg = Debug|Any CPU
		{0820B627-EC01-49EB-AEE4-8ABA843448B8}.Debug|Any CPU.Build.0 = Debug|Any CPU
		{0820B627-EC01-49EB-AEE4-8ABA843448B8}.Debug|x64.ActiveCfg = Debug|Any CPU
		{0820B627-EC01-49EB-AEE4-8ABA843448B8}.Debug|x64.Build.0 = Debug|Any CPU
		{0820B627-EC01-49EB-AEE4-8ABA843448B8}.DVD-5|Any CPU.ActiveCfg = Debug|Any CPU
		{0820B627-EC01-49EB-AEE4-8ABA843448B8}.DVD-5|Any CPU.Build.0 = Debug|Any CPU
		{0820B627-EC01-49EB-AEE4-8ABA843448B8}.DVD-5|x64.ActiveCfg = Debug|Any CPU
		{0820B627-EC01-49EB-AEE4-8ABA843448B8}.DVD-5|x64.Build.0 = Debug|Any CPU
		{0820B627-EC01-49EB-AEE4-8ABA843448B8}.Release|Any CPU.ActiveCfg = Release|Any CPU
		{0820B627-EC01-49EB-AEE4-8ABA843448B8}.Release|Any CPU.Build.0 = Release|Any CPU
		{0820B627-EC01-49EB-AEE4-8ABA843448B8}.Release|x64.ActiveCfg = Release|Any CPU
		{0820B627-EC01-49EB-AEE4-8ABA843448B8}.Release|x64.Build.0 = Release|Any CPU
		{0820B627-EC01-49EB-AEE4-8ABA843448B8}.SingleImage|Any CPU.ActiveCfg = Release|Any CPU
		{0820B627-EC01-49EB-AEE4-8ABA843448B8}.SingleImage|Any CPU.Build.0 = Release|Any CPU
		{0820B627-EC01-49EB-AEE4-8ABA843448B8}.SingleImage|x64.ActiveCfg = Release|Any CPU
		{0820B627-EC01-49EB-AEE4-8ABA843448B8}.SingleImage|x64.Build.0 = Release|Any CPU
		{7733F008-BF1C-41CE-AAA8-053836273657}.CD_ROM|Any CPU.ActiveCfg = Release|Any CPU
		{7733F008-BF1C-41CE-AAA8-053836273657}.CD_ROM|Any CPU.Build.0 = Release|Any CPU
		{7733F008-BF1C-41CE-AAA8-053836273657}.CD_ROM|x64.ActiveCfg = Release|Any CPU
		{7733F008-BF1C-41CE-AAA8-053836273657}.CD_ROM|x64.Build.0 = Release|Any CPU
		{7733F008-BF1C-41CE-AAA8-053836273657}.Debug|Any CPU.ActiveCfg = Debug|Any CPU
		{7733F008-BF1C-41CE-AAA8-053836273657}.Debug|Any CPU.Build.0 = Debug|Any CPU
		{7733F008-BF1C-41CE-AAA8-053836273657}.Debug|x64.ActiveCfg = Debug|Any CPU
		{7733F008-BF1C-41CE-AAA8-053836273657}.Debug|x64.Build.0 = Debug|Any CPU
		{7733F008-BF1C-41CE-AAA8-053836273657}.DVD-5|Any CPU.ActiveCfg = Debug|Any CPU
		{7733F008-BF1C-41CE-AAA8-053836273657}.DVD-5|Any CPU.Build.0 = Debug|Any CPU
		{7733F008-BF1C-41CE-AAA8-053836273657}.DVD-5|x64.ActiveCfg = Debug|Any CPU
		{7733F008-BF1C-41CE-AAA8-053836273657}.DVD-5|x64.Build.0 = Debug|Any CPU
		{7733F008-BF1C-41CE-AAA8-053836273657}.Release|Any CPU.ActiveCfg = Release|Any CPU
		{7733F008-BF1C-41CE-AAA8-053836273657}.Release|Any CPU.Build.0 = Release|Any CPU
		{7733F008-BF1C-41CE-AAA8-053836273657}.Release|x64.ActiveCfg = Release|Any CPU
		{7733F008-BF1C-41CE-AAA8-053836273657}.Release|x64.Build.0 = Release|Any CPU
		{7733F008-BF1C-41CE-AAA8-053836273657}.SingleImage|Any CPU.ActiveCfg = Release|Any CPU
		{7733F008-BF1C-41CE-AAA8-053836273657}.SingleImage|Any CPU.Build.0 = Release|Any CPU
		{7733F008-BF1C-41CE-AAA8-053836273657}.SingleImage|x64.ActiveCfg = Release|Any CPU
		{7733F008-BF1C-41CE-AAA8-053836273657}.SingleImage|x64.Build.0 = Release|Any CPU
		{99AC97A8-C55A-406A-9B80-2F3EBEA21DD3}.CD_ROM|Any CPU.ActiveCfg = Debug|Any CPU
		{99AC97A8-C55A-406A-9B80-2F3EBEA21DD3}.CD_ROM|Any CPU.Build.0 = Debug|Any CPU
		{99AC97A8-C55A-406A-9B80-2F3EBEA21DD3}.CD_ROM|Any CPU.Deploy.0 = Debug|Any CPU
		{99AC97A8-C55A-406A-9B80-2F3EBEA21DD3}.CD_ROM|x64.ActiveCfg = Debug|Any CPU
		{99AC97A8-C55A-406A-9B80-2F3EBEA21DD3}.CD_ROM|x64.Build.0 = Debug|Any CPU
		{99AC97A8-C55A-406A-9B80-2F3EBEA21DD3}.CD_ROM|x64.Deploy.0 = Debug|Any CPU
		{99AC97A8-C55A-406A-9B80-2F3EBEA21DD3}.Debug|Any CPU.ActiveCfg = Debug|Any CPU
		{99AC97A8-C55A-406A-9B80-2F3EBEA21DD3}.Debug|Any CPU.Build.0 = Debug|Any CPU
		{99AC97A8-C55A-406A-9B80-2F3EBEA21DD3}.Debug|Any CPU.Deploy.0 = Debug|Any CPU
		{99AC97A8-C55A-406A-9B80-2F3EBEA21DD3}.Debug|x64.ActiveCfg = Debug|Any CPU
		{99AC97A8-C55A-406A-9B80-2F3EBEA21DD3}.Debug|x64.Build.0 = Debug|Any CPU
		{99AC97A8-C55A-406A-9B80-2F3EBEA21DD3}.Debug|x64.Deploy.0 = Debug|Any CPU
		{99AC97A8-C55A-406A-9B80-2F3EBEA21DD3}.DVD-5|Any CPU.ActiveCfg = Debug|Any CPU
		{99AC97A8-C55A-406A-9B80-2F3EBEA21DD3}.DVD-5|Any CPU.Build.0 = Debug|Any CPU
		{99AC97A8-C55A-406A-9B80-2F3EBEA21DD3}.DVD-5|Any CPU.Deploy.0 = Debug|Any CPU
		{99AC97A8-C55A-406A-9B80-2F3EBEA21DD3}.DVD-5|x64.ActiveCfg = Debug|Any CPU
		{99AC97A8-C55A-406A-9B80-2F3EBEA21DD3}.DVD-5|x64.Build.0 = Debug|Any CPU
		{99AC97A8-C55A-406A-9B80-2F3EBEA21DD3}.DVD-5|x64.Deploy.0 = Debug|Any CPU
		{99AC97A8-C55A-406A-9B80-2F3EBEA21DD3}.Release|Any CPU.ActiveCfg = Release|Any CPU
		{99AC97A8-C55A-406A-9B80-2F3EBEA21DD3}.Release|Any CPU.Build.0 = Release|Any CPU
		{99AC97A8-C55A-406A-9B80-2F3EBEA21DD3}.Release|Any CPU.Deploy.0 = Release|Any CPU
		{99AC97A8-C55A-406A-9B80-2F3EBEA21DD3}.Release|x64.ActiveCfg = Release|Any CPU
		{99AC97A8-C55A-406A-9B80-2F3EBEA21DD3}.Release|x64.Build.0 = Release|Any CPU
		{99AC97A8-C55A-406A-9B80-2F3EBEA21DD3}.Release|x64.Deploy.0 = Release|Any CPU
		{99AC97A8-C55A-406A-9B80-2F3EBEA21DD3}.SingleImage|Any CPU.ActiveCfg = Debug|Any CPU
		{99AC97A8-C55A-406A-9B80-2F3EBEA21DD3}.SingleImage|Any CPU.Build.0 = Debug|Any CPU
		{99AC97A8-C55A-406A-9B80-2F3EBEA21DD3}.SingleImage|Any CPU.Deploy.0 = Debug|Any CPU
		{99AC97A8-C55A-406A-9B80-2F3EBEA21DD3}.SingleImage|x64.ActiveCfg = Debug|Any CPU
		{99AC97A8-C55A-406A-9B80-2F3EBEA21DD3}.SingleImage|x64.Build.0 = Debug|Any CPU
		{99AC97A8-C55A-406A-9B80-2F3EBEA21DD3}.SingleImage|x64.Deploy.0 = Debug|Any CPU
		{B0733274-48A3-4BBB-9F30-C28AA30A1DA2}.CD_ROM|Any CPU.ActiveCfg = Debug|Any CPU
		{B0733274-48A3-4BBB-9F30-C28AA30A1DA2}.CD_ROM|Any CPU.Build.0 = Debug|Any CPU
		{B0733274-48A3-4BBB-9F30-C28AA30A1DA2}.CD_ROM|Any CPU.Deploy.0 = Debug|Any CPU
		{B0733274-48A3-4BBB-9F30-C28AA30A1DA2}.CD_ROM|x64.ActiveCfg = Debug|Any CPU
		{B0733274-48A3-4BBB-9F30-C28AA30A1DA2}.CD_ROM|x64.Build.0 = Debug|Any CPU
		{B0733274-48A3-4BBB-9F30-C28AA30A1DA2}.CD_ROM|x64.Deploy.0 = Debug|Any CPU
		{B0733274-48A3-4BBB-9F30-C28AA30A1DA2}.Debug|Any CPU.ActiveCfg = Debug|Any CPU
		{B0733274-48A3-4BBB-9F30-C28AA30A1DA2}.Debug|Any CPU.Build.0 = Debug|Any CPU
		{B0733274-48A3-4BBB-9F30-C28AA30A1DA2}.Debug|Any CPU.Deploy.0 = Debug|Any CPU
		{B0733274-48A3-4BBB-9F30-C28AA30A1DA2}.Debug|x64.ActiveCfg = Debug|Any CPU
		{B0733274-48A3-4BBB-9F30-C28AA30A1DA2}.Debug|x64.Build.0 = Debug|Any CPU
		{B0733274-48A3-4BBB-9F30-C28AA30A1DA2}.Debug|x64.Deploy.0 = Debug|Any CPU
		{B0733274-48A3-4BBB-9F30-C28AA30A1DA2}.DVD-5|Any CPU.ActiveCfg = Debug|Any CPU
		{B0733274-48A3-4BBB-9F30-C28AA30A1DA2}.DVD-5|Any CPU.Build.0 = Debug|Any CPU
		{B0733274-48A3-4BBB-9F30-C28AA30A1DA2}.DVD-5|Any CPU.Deploy.0 = Debug|Any CPU
		{B0733274-48A3-4BBB-9F30-C28AA30A1DA2}.DVD-5|x64.ActiveCfg = Debug|Any CPU
		{B0733274-48A3-4BBB-9F30-C28AA30A1DA2}.DVD-5|x64.Build.0 = Debug|Any CPU
		{B0733274-48A3-4BBB-9F30-C28AA30A1DA2}.DVD-5|x64.Deploy.0 = Debug|Any CPU
		{B0733274-48A3-4BBB-9F30-C28AA30A1DA2}.Release|Any CPU.ActiveCfg = Release|Any CPU
		{B0733274-48A3-4BBB-9F30-C28AA30A1DA2}.Release|Any CPU.Build.0 = Release|Any CPU
		{B0733274-48A3-4BBB-9F30-C28AA30A1DA2}.Release|Any CPU.Deploy.0 = Release|Any CPU
		{B0733274-48A3-4BBB-9F30-C28AA30A1DA2}.Release|x64.ActiveCfg = Release|Any CPU
		{B0733274-48A3-4BBB-9F30-C28AA30A1DA2}.Release|x64.Build.0 = Release|Any CPU
		{B0733274-48A3-4BBB-9F30-C28AA30A1DA2}.Release|x64.Deploy.0 = Release|Any CPU
		{B0733274-48A3-4BBB-9F30-C28AA30A1DA2}.SingleImage|Any CPU.ActiveCfg = Debug|Any CPU
		{B0733274-48A3-4BBB-9F30-C28AA30A1DA2}.SingleImage|Any CPU.Build.0 = Debug|Any CPU
		{B0733274-48A3-4BBB-9F30-C28AA30A1DA2}.SingleImage|Any CPU.Deploy.0 = Debug|Any CPU
		{B0733274-48A3-4BBB-9F30-C28AA30A1DA2}.SingleImage|x64.ActiveCfg = Debug|Any CPU
		{B0733274-48A3-4BBB-9F30-C28AA30A1DA2}.SingleImage|x64.Build.0 = Debug|Any CPU
		{B0733274-48A3-4BBB-9F30-C28AA30A1DA2}.SingleImage|x64.Deploy.0 = Debug|Any CPU
		{C08C107E-E9B9-4022-A4C7-DA924B85BCB3}.CD_ROM|Any CPU.ActiveCfg = Debug|Any CPU
		{C08C107E-E9B9-4022-A4C7-DA924B85BCB3}.CD_ROM|Any CPU.Build.0 = Debug|Any CPU
		{C08C107E-E9B9-4022-A4C7-DA924B85BCB3}.CD_ROM|Any CPU.Deploy.0 = Debug|Any CPU
		{C08C107E-E9B9-4022-A4C7-DA924B85BCB3}.CD_ROM|x64.ActiveCfg = Debug|Any CPU
		{C08C107E-E9B9-4022-A4C7-DA924B85BCB3}.CD_ROM|x64.Build.0 = Debug|Any CPU
		{C08C107E-E9B9-4022-A4C7-DA924B85BCB3}.CD_ROM|x64.Deploy.0 = Debug|Any CPU
		{C08C107E-E9B9-4022-A4C7-DA924B85BCB3}.Debug|Any CPU.ActiveCfg = Debug|Any CPU
		{C08C107E-E9B9-4022-A4C7-DA924B85BCB3}.Debug|Any CPU.Build.0 = Debug|Any CPU
		{C08C107E-E9B9-4022-A4C7-DA924B85BCB3}.Debug|Any CPU.Deploy.0 = Debug|Any CPU
		{C08C107E-E9B9-4022-A4C7-DA924B85BCB3}.Debug|x64.ActiveCfg = Debug|Any CPU
		{C08C107E-E9B9-4022-A4C7-DA924B85BCB3}.Debug|x64.Build.0 = Debug|Any CPU
		{C08C107E-E9B9-4022-A4C7-DA924B85BCB3}.Debug|x64.Deploy.0 = Debug|Any CPU
		{C08C107E-E9B9-4022-A4C7-DA924B85BCB3}.DVD-5|Any CPU.ActiveCfg = Debug|Any CPU
		{C08C107E-E9B9-4022-A4C7-DA924B85BCB3}.DVD-5|Any CPU.Build.0 = Debug|Any CPU
		{C08C107E-E9B9-4022-A4C7-DA924B85BCB3}.DVD-5|Any CPU.Deploy.0 = Debug|Any CPU
		{C08C107E-E9B9-4022-A4C7-DA924B85BCB3}.DVD-5|x64.ActiveCfg = Debug|Any CPU
		{C08C107E-E9B9-4022-A4C7-DA924B85BCB3}.DVD-5|x64.Build.0 = Debug|Any CPU
		{C08C107E-E9B9-4022-A4C7-DA924B85BCB3}.DVD-5|x64.Deploy.0 = Debug|Any CPU
		{C08C107E-E9B9-4022-A4C7-DA924B85BCB3}.Release|Any CPU.ActiveCfg = Release|Any CPU
		{C08C107E-E9B9-4022-A4C7-DA924B85BCB3}.Release|Any CPU.Build.0 = Release|Any CPU
		{C08C107E-E9B9-4022-A4C7-DA924B85BCB3}.Release|Any CPU.Deploy.0 = Release|Any CPU
		{C08C107E-E9B9-4022-A4C7-DA924B85BCB3}.Release|x64.ActiveCfg = Release|Any CPU
		{C08C107E-E9B9-4022-A4C7-DA924B85BCB3}.Release|x64.Build.0 = Release|Any CPU
		{C08C107E-E9B9-4022-A4C7-DA924B85BCB3}.Release|x64.Deploy.0 = Release|Any CPU
		{C08C107E-E9B9-4022-A4C7-DA924B85BCB3}.SingleImage|Any CPU.ActiveCfg = Debug|Any CPU
		{C08C107E-E9B9-4022-A4C7-DA924B85BCB3}.SingleImage|Any CPU.Build.0 = Debug|Any CPU
		{C08C107E-E9B9-4022-A4C7-DA924B85BCB3}.SingleImage|Any CPU.Deploy.0 = Debug|Any CPU
		{C08C107E-E9B9-4022-A4C7-DA924B85BCB3}.SingleImage|x64.ActiveCfg = Debug|Any CPU
		{C08C107E-E9B9-4022-A4C7-DA924B85BCB3}.SingleImage|x64.Build.0 = Debug|Any CPU
		{C08C107E-E9B9-4022-A4C7-DA924B85BCB3}.SingleImage|x64.Deploy.0 = Debug|Any CPU
		{363B9739-3A21-489D-9F67-61CC9810F8F7}.CD_ROM|Any CPU.ActiveCfg = Release|Any CPU
		{363B9739-3A21-489D-9F67-61CC9810F8F7}.CD_ROM|Any CPU.Build.0 = Release|Any CPU
		{363B9739-3A21-489D-9F67-61CC9810F8F7}.CD_ROM|x64.ActiveCfg = Release|Any CPU
		{363B9739-3A21-489D-9F67-61CC9810F8F7}.CD_ROM|x64.Build.0 = Release|Any CPU
		{363B9739-3A21-489D-9F67-61CC9810F8F7}.Debug|Any CPU.ActiveCfg = Debug|Any CPU
		{363B9739-3A21-489D-9F67-61CC9810F8F7}.Debug|Any CPU.Build.0 = Debug|Any CPU
		{363B9739-3A21-489D-9F67-61CC9810F8F7}.Debug|x64.ActiveCfg = Debug|Any CPU
		{363B9739-3A21-489D-9F67-61CC9810F8F7}.Debug|x64.Build.0 = Debug|Any CPU
		{363B9739-3A21-489D-9F67-61CC9810F8F7}.DVD-5|Any CPU.ActiveCfg = Debug|Any CPU
		{363B9739-3A21-489D-9F67-61CC9810F8F7}.DVD-5|Any CPU.Build.0 = Debug|Any CPU
		{363B9739-3A21-489D-9F67-61CC9810F8F7}.DVD-5|x64.ActiveCfg = Debug|Any CPU
		{363B9739-3A21-489D-9F67-61CC9810F8F7}.DVD-5|x64.Build.0 = Debug|Any CPU
		{363B9739-3A21-489D-9F67-61CC9810F8F7}.Release|Any CPU.ActiveCfg = Release|Any CPU
		{363B9739-3A21-489D-9F67-61CC9810F8F7}.Release|Any CPU.Build.0 = Release|Any CPU
		{363B9739-3A21-489D-9F67-61CC9810F8F7}.Release|x64.ActiveCfg = Release|Any CPU
		{363B9739-3A21-489D-9F67-61CC9810F8F7}.Release|x64.Build.0 = Release|Any CPU
		{363B9739-3A21-489D-9F67-61CC9810F8F7}.SingleImage|Any CPU.ActiveCfg = Release|Any CPU
		{363B9739-3A21-489D-9F67-61CC9810F8F7}.SingleImage|Any CPU.Build.0 = Release|Any CPU
		{363B9739-3A21-489D-9F67-61CC9810F8F7}.SingleImage|x64.ActiveCfg = Release|Any CPU
		{363B9739-3A21-489D-9F67-61CC9810F8F7}.SingleImage|x64.Build.0 = Release|Any CPU
		{2A0AEE60-B6FA-48B1-A157-82881DCC834F}.CD_ROM|Any CPU.ActiveCfg = Release|Any CPU
		{2A0AEE60-B6FA-48B1-A157-82881DCC834F}.CD_ROM|Any CPU.Build.0 = Release|Any CPU
		{2A0AEE60-B6FA-48B1-A157-82881DCC834F}.CD_ROM|x64.ActiveCfg = Release|Any CPU
		{2A0AEE60-B6FA-48B1-A157-82881DCC834F}.CD_ROM|x64.Build.0 = Release|Any CPU
		{2A0AEE60-B6FA-48B1-A157-82881DCC834F}.Debug|Any CPU.ActiveCfg = Debug|Any CPU
		{2A0AEE60-B6FA-48B1-A157-82881DCC834F}.Debug|Any CPU.Build.0 = Debug|Any CPU
		{2A0AEE60-B6FA-48B1-A157-82881DCC834F}.Debug|x64.ActiveCfg = Debug|Any CPU
		{2A0AEE60-B6FA-48B1-A157-82881DCC834F}.Debug|x64.Build.0 = Debug|Any CPU
		{2A0AEE60-B6FA-48B1-A157-82881DCC834F}.DVD-5|Any CPU.ActiveCfg = Debug|Any CPU
		{2A0AEE60-B6FA-48B1-A157-82881DCC834F}.DVD-5|Any CPU.Build.0 = Debug|Any CPU
		{2A0AEE60-B6FA-48B1-A157-82881DCC834F}.DVD-5|x64.ActiveCfg = Debug|Any CPU
		{2A0AEE60-B6FA-48B1-A157-82881DCC834F}.DVD-5|x64.Build.0 = Debug|Any CPU
		{2A0AEE60-B6FA-48B1-A157-82881DCC834F}.Release|Any CPU.ActiveCfg = Release|Any CPU
		{2A0AEE60-B6FA-48B1-A157-82881DCC834F}.Release|Any CPU.Build.0 = Release|Any CPU
		{2A0AEE60-B6FA-48B1-A157-82881DCC834F}.Release|x64.ActiveCfg = Release|Any CPU
		{2A0AEE60-B6FA-48B1-A157-82881DCC834F}.Release|x64.Build.0 = Release|Any CPU
		{2A0AEE60-B6FA-48B1-A157-82881DCC834F}.SingleImage|Any CPU.ActiveCfg = Release|Any CPU
		{2A0AEE60-B6FA-48B1-A157-82881DCC834F}.SingleImage|Any CPU.Build.0 = Release|Any CPU
		{2A0AEE60-B6FA-48B1-A157-82881DCC834F}.SingleImage|x64.ActiveCfg = Release|Any CPU
		{2A0AEE60-B6FA-48B1-A157-82881DCC834F}.SingleImage|x64.Build.0 = Release|Any CPU
		{2744F31B-953E-4409-888C-E900865EC55B}.CD_ROM|Any CPU.ActiveCfg = Release|Any CPU
		{2744F31B-953E-4409-888C-E900865EC55B}.CD_ROM|Any CPU.Build.0 = Release|Any CPU
		{2744F31B-953E-4409-888C-E900865EC55B}.CD_ROM|x64.ActiveCfg = Release|Any CPU
		{2744F31B-953E-4409-888C-E900865EC55B}.CD_ROM|x64.Build.0 = Release|Any CPU
		{2744F31B-953E-4409-888C-E900865EC55B}.Debug|Any CPU.ActiveCfg = Debug|Any CPU
		{2744F31B-953E-4409-888C-E900865EC55B}.Debug|Any CPU.Build.0 = Debug|Any CPU
		{2744F31B-953E-4409-888C-E900865EC55B}.Debug|x64.ActiveCfg = Debug|Any CPU
		{2744F31B-953E-4409-888C-E900865EC55B}.Debug|x64.Build.0 = Debug|Any CPU
		{2744F31B-953E-4409-888C-E900865EC55B}.DVD-5|Any CPU.ActiveCfg = Debug|Any CPU
		{2744F31B-953E-4409-888C-E900865EC55B}.DVD-5|Any CPU.Build.0 = Debug|Any CPU
		{2744F31B-953E-4409-888C-E900865EC55B}.DVD-5|x64.ActiveCfg = Debug|Any CPU
		{2744F31B-953E-4409-888C-E900865EC55B}.DVD-5|x64.Build.0 = Debug|Any CPU
		{2744F31B-953E-4409-888C-E900865EC55B}.Release|Any CPU.ActiveCfg = Release|Any CPU
		{2744F31B-953E-4409-888C-E900865EC55B}.Release|Any CPU.Build.0 = Release|Any CPU
		{2744F31B-953E-4409-888C-E900865EC55B}.Release|x64.ActiveCfg = Release|Any CPU
		{2744F31B-953E-4409-888C-E900865EC55B}.Release|x64.Build.0 = Release|Any CPU
		{2744F31B-953E-4409-888C-E900865EC55B}.SingleImage|Any CPU.ActiveCfg = Release|Any CPU
		{2744F31B-953E-4409-888C-E900865EC55B}.SingleImage|Any CPU.Build.0 = Release|Any CPU
		{2744F31B-953E-4409-888C-E900865EC55B}.SingleImage|x64.ActiveCfg = Release|Any CPU
		{2744F31B-953E-4409-888C-E900865EC55B}.SingleImage|x64.Build.0 = Release|Any CPU
		{6DFC168D-152D-4AE6-A802-7E94FFAD5AFD}.CD_ROM|Any CPU.ActiveCfg = Release|Any CPU
		{6DFC168D-152D-4AE6-A802-7E94FFAD5AFD}.CD_ROM|Any CPU.Build.0 = Release|Any CPU
		{6DFC168D-152D-4AE6-A802-7E94FFAD5AFD}.CD_ROM|x64.ActiveCfg = Release|Any CPU
		{6DFC168D-152D-4AE6-A802-7E94FFAD5AFD}.CD_ROM|x64.Build.0 = Release|Any CPU
		{6DFC168D-152D-4AE6-A802-7E94FFAD5AFD}.Debug|Any CPU.ActiveCfg = Debug|Any CPU
		{6DFC168D-152D-4AE6-A802-7E94FFAD5AFD}.Debug|Any CPU.Build.0 = Debug|Any CPU
		{6DFC168D-152D-4AE6-A802-7E94FFAD5AFD}.Debug|x64.ActiveCfg = Debug|Any CPU
		{6DFC168D-152D-4AE6-A802-7E94FFAD5AFD}.Debug|x64.Build.0 = Debug|Any CPU
		{6DFC168D-152D-4AE6-A802-7E94FFAD5AFD}.DVD-5|Any CPU.ActiveCfg = Debug|Any CPU
		{6DFC168D-152D-4AE6-A802-7E94FFAD5AFD}.DVD-5|Any CPU.Build.0 = Debug|Any CPU
		{6DFC168D-152D-4AE6-A802-7E94FFAD5AFD}.DVD-5|x64.ActiveCfg = Debug|Any CPU
		{6DFC168D-152D-4AE6-A802-7E94FFAD5AFD}.DVD-5|x64.Build.0 = Debug|Any CPU
		{6DFC168D-152D-4AE6-A802-7E94FFAD5AFD}.Release|Any CPU.ActiveCfg = Release|Any CPU
		{6DFC168D-152D-4AE6-A802-7E94FFAD5AFD}.Release|Any CPU.Build.0 = Release|Any CPU
		{6DFC168D-152D-4AE6-A802-7E94FFAD5AFD}.Release|x64.ActiveCfg = Release|Any CPU
		{6DFC168D-152D-4AE6-A802-7E94FFAD5AFD}.Release|x64.Build.0 = Release|Any CPU
		{6DFC168D-152D-4AE6-A802-7E94FFAD5AFD}.SingleImage|Any CPU.ActiveCfg = Release|Any CPU
		{6DFC168D-152D-4AE6-A802-7E94FFAD5AFD}.SingleImage|Any CPU.Build.0 = Release|Any CPU
		{6DFC168D-152D-4AE6-A802-7E94FFAD5AFD}.SingleImage|x64.ActiveCfg = Release|Any CPU
		{6DFC168D-152D-4AE6-A802-7E94FFAD5AFD}.SingleImage|x64.Build.0 = Release|Any CPU
		{7019AC28-236C-4988-9D7C-D198AF44B964}.CD_ROM|Any CPU.ActiveCfg = Release|Any CPU
		{7019AC28-236C-4988-9D7C-D198AF44B964}.CD_ROM|Any CPU.Build.0 = Release|Any CPU
		{7019AC28-236C-4988-9D7C-D198AF44B964}.CD_ROM|x64.ActiveCfg = Release|Any CPU
		{7019AC28-236C-4988-9D7C-D198AF44B964}.CD_ROM|x64.Build.0 = Release|Any CPU
		{7019AC28-236C-4988-9D7C-D198AF44B964}.Debug|Any CPU.ActiveCfg = Debug|Any CPU
		{7019AC28-236C-4988-9D7C-D198AF44B964}.Debug|Any CPU.Build.0 = Debug|Any CPU
		{7019AC28-236C-4988-9D7C-D198AF44B964}.Debug|x64.ActiveCfg = Debug|Any CPU
		{7019AC28-236C-4988-9D7C-D198AF44B964}.Debug|x64.Build.0 = Debug|Any CPU
		{7019AC28-236C-4988-9D7C-D198AF44B964}.DVD-5|Any CPU.ActiveCfg = Debug|Any CPU
		{7019AC28-236C-4988-9D7C-D198AF44B964}.DVD-5|Any CPU.Build.0 = Debug|Any CPU
		{7019AC28-236C-4988-9D7C-D198AF44B964}.DVD-5|x64.ActiveCfg = Debug|Any CPU
		{7019AC28-236C-4988-9D7C-D198AF44B964}.DVD-5|x64.Build.0 = Debug|Any CPU
		{7019AC28-236C-4988-9D7C-D198AF44B964}.Release|Any CPU.ActiveCfg = Release|Any CPU
		{7019AC28-236C-4988-9D7C-D198AF44B964}.Release|Any CPU.Build.0 = Release|Any CPU
		{7019AC28-236C-4988-9D7C-D198AF44B964}.Release|x64.ActiveCfg = Release|Any CPU
		{7019AC28-236C-4988-9D7C-D198AF44B964}.Release|x64.Build.0 = Release|Any CPU
		{7019AC28-236C-4988-9D7C-D198AF44B964}.SingleImage|Any CPU.ActiveCfg = Release|Any CPU
		{7019AC28-236C-4988-9D7C-D198AF44B964}.SingleImage|Any CPU.Build.0 = Release|Any CPU
		{7019AC28-236C-4988-9D7C-D198AF44B964}.SingleImage|x64.ActiveCfg = Release|Any CPU
		{7019AC28-236C-4988-9D7C-D198AF44B964}.SingleImage|x64.Build.0 = Release|Any CPU
	EndGlobalSection
	GlobalSection(SolutionProperties) = preSolution
		HideSolutionNode = FALSE
	EndGlobalSection
	GlobalSection(TeamFoundationVersionControl) = preSolution
		SccNumberOfProjects = 15
		SccEnterpriseProvider = {4CA58AB2-18FA-4F8D-95D4-32DDF27D184C}
		SccTeamFoundationServer = http://devtfs:8080/tfs/norma
		SccLocalPath0 = .
		SccProjectUniqueName1 = GpbEstateAntiFraud\\GpbEstateAntiFraud.csproj
		SccProjectName1 = GpbEstateAntiFraud
		SccLocalPath1 = GpbEstateAntiFraud
		SccProjectUniqueName2 = GpbEstateAntiFraud.Core\\GpbEstateAntiFraud.Core.csproj
		SccProjectName2 = GpbEstateAntiFraud.Core
		SccLocalPath2 = GpbEstateAntiFraud.Core
		SccProjectUniqueName3 = GpbEstateAntiFraud.Data\\GpbEstateAntiFraud.Data.csproj
		SccProjectName3 = GpbEstateAntiFraud.Data
		SccLocalPath3 = GpbEstateAntiFraud.Data
		SccProjectUniqueName4 = GpbEstateAntiFraudLogin\\GpbEstateAntiFraudLogin.csproj
		SccProjectName4 = GpbEstateAntiFraudLogin
		SccLocalPath4 = GpbEstateAntiFraudLogin
		SccProjectUniqueName5 = GpbEstateAntiFraudLoadTest\\GpbEstateAntiFraudLoadTest.csproj
		SccProjectName5 = GpbEstateAntiFraudLoadTest
		SccLocalPath5 = GpbEstateAntiFraudLoadTest
		SccProjectUniqueName6 = GpbEstateAntiFraud.Test\\GpbEstateAntiFraud.Test.csproj
		SccProjectName6 = GpbEstateAntiFraud.Test
		SccLocalPath6 = GpbEstateAntiFraud.Test
		SccProjectUniqueName7 = ..\\..\\DB\\AntiFraudDb\\AntiFraudDb.sqlproj
		SccProjectName7 = ../../DB/AntiFraudDb
		SccLocalPath7 = ..\\..\\DB\\AntiFraudDb
		SccProjectUniqueName8 = ..\\..\\DB\\AntiFraudAudit\\AntiFraudAudit.sqlproj
		SccProjectName8 = ../../DB/AntiFraudAudit
		SccLocalPath8 = ..\\..\\DB\\AntiFraudAudit
		SccProjectUniqueName9 = ..\\..\\DB\\AntiFraudConfig\\AntiFraudConfig.sqlproj
		SccProjectName9 = ../../DB/AntiFraudConfig
		SccLocalPath9 = ..\\..\\DB\\AntiFraudConfig
		SccProjectUniqueName10 = AlgorithmsService\\AlgorithmsService.csproj
		SccProjectName10 = AlgorithmsService
		SccLocalPath10 = AlgorithmsService
		SccProjectUniqueName11 = Algorithms\\Algorithms.csproj
		SccProjectName11 = Algorithms
		SccLocalPath11 = Algorithms
		SccProjectUniqueName12 = Algorithms.Actors\\Algorithms.Actors.csproj
		SccProjectName12 = Algorithms.Actors
		SccLocalPath12 = Algorithms.Actors
		SccProjectUniqueName13 = Algorithms.Tests\\Algorithms.Tests.csproj
		SccProjectName13 = Algorithms.Tests
		SccLocalPath13 = Algorithms.Tests
		SccProjectUniqueName14 = IntegrationServices\\IntegrationServices.csproj
		SccProjectName14 = IntegrationServices
		SccLocalPath14 = IntegrationServices
	EndGlobalSection
EndGlobal
