
Microsoft Visual Studio Solution File, Format Version 12.00
# Visual Studio 14
VisualStudioVersion = 14.0.25123.0
MinimumVisualStudioVersion = 10.0.40219.1
Project("{FAE04EC0-301F-11D3-BF4B-00C04F79EFBC}") = "GpbEstateAntiFraud.Core", "GpbEstateAntiFraud.Core\GpbEstateAntiFraud.Core.csproj", "{38DD7757-D4B1-49F2-850B-7A728368F42C}"
EndProject
Project("{FAE04EC0-301F-11D3-BF4B-00C04F79EFBC}") = "GpbEstateAntiFraud.Data", "GpbEstateAntiFraud.Data\GpbEstateAntiFraud.Data.csproj", "{8B0C7CC0-EA57-4CD9-AC59-5817EC9F1F4C}"
EndProject
Project("{FAE04EC0-301F-11D3-BF4B-00C04F79EFBC}") = "GpbEstateAntiFraud", "GpbEstateAntiFraud\GpbEstateAntiFraud.csproj", "{12CB767E-765F-44B9-ABF3-443EA223443C}"
EndProject
Project("{FAE04EC0-301F-11D3-BF4B-00C04F79EFBC}") = "Algorithms", "Algorithms\Algorithms.csproj", "{2A0AEE60-B6FA-48B1-A157-82881DCC834F}"
EndProject
Project("{FAE04EC0-301F-11D3-BF4B-00C04F79EFBC}") = "Algorithms.Actors", "Algorithms.Actors\Algorithms.Actors.csproj", "{2744F31B-953E-4409-888C-E900865EC55B}"
EndProject
Project("{FAE04EC0-301F-11D3-BF4B-00C04F79EFBC}") = "IntegrationServices", "IntegrationServices\IntegrationServices.csproj", "{7019AC28-236C-4988-9D7C-D198AF44B964}"
EndProject
Global
	GlobalSection(SolutionConfigurationPlatforms) = preSolution
		Debug|Any CPU = Debug|Any CPU
		Release|Any CPU = Release|Any CPU
	EndGlobalSection
	GlobalSection(ProjectConfigurationPlatforms) = postSolution
		{38DD7757-D4B1-49F2-850B-7A728368F42C}.Debug|Any CPU.ActiveCfg = Debug|Any CPU
		{38DD7757-D4B1-49F2-850B-7A728368F42C}.Debug|Any CPU.Build.0 = Debug|Any CPU
		{38DD7757-D4B1-49F2-850B-7A728368F42C}.Release|Any CPU.ActiveCfg = Release|Any CPU
		{38DD7757-D4B1-49F2-850B-7A728368F42C}.Release|Any CPU.Build.0 = Release|Any CPU
		{8B0C7CC0-EA57-4CD9-AC59-5817EC9F1F4C}.Debug|Any CPU.ActiveCfg = Debug|Any CPU
		{8B0C7CC0-EA57-4CD9-AC59-5817EC9F1F4C}.Debug|Any CPU.Build.0 = Debug|Any CPU
		{8B0C7CC0-EA57-4CD9-AC59-5817EC9F1F4C}.Release|Any CPU.ActiveCfg = Release|Any CPU
		{8B0C7CC0-EA57-4CD9-AC59-5817EC9F1F4C}.Release|Any CPU.Build.0 = Release|Any CPU
		{12CB767E-765F-44B9-ABF3-443EA223443C}.Debug|Any CPU.ActiveCfg = Debug|Any CPU
		{12CB767E-765F-44B9-ABF3-443EA223443C}.Debug|Any CPU.Build.0 = Debug|Any CPU
		{12CB767E-765F-44B9-ABF3-443EA223443C}.Release|Any CPU.ActiveCfg = Release|Any CPU
		{12CB767E-765F-44B9-ABF3-443EA223443C}.Release|Any CPU.Build.0 = Release|Any CPU
		{2A0AEE60-B6FA-48B1-A157-82881DCC834F}.Debug|Any CPU.ActiveCfg = Debug|Any CPU
		{2A0AEE60-B6FA-48B1-A157-82881DCC834F}.Debug|Any CPU.Build.0 = Debug|Any CPU
		{2A0AEE60-B6FA-48B1-A157-82881DCC834F}.Release|Any CPU.ActiveCfg = Release|Any CPU
		{2A0AEE60-B6FA-48B1-A157-82881DCC834F}.Release|Any CPU.Build.0 = Release|Any CPU
		{2744F31B-953E-4409-888C-E900865EC55B}.Debug|Any CPU.ActiveCfg = Debug|Any CPU
		{2744F31B-953E-4409-888C-E900865EC55B}.Debug|Any CPU.Build.0 = Debug|Any CPU
		{2744F31B-953E-4409-888C-E900865EC55B}.Release|Any CPU.ActiveCfg = Release|Any CPU
		{2744F31B-953E-4409-888C-E900865EC55B}.Release|Any CPU.Build.0 = Release|Any CPU
		{7019AC28-236C-4988-9D7C-D198AF44B964}.Debug|Any CPU.ActiveCfg = Debug|Any CPU
		{7019AC28-236C-4988-9D7C-D198AF44B964}.Debug|Any CPU.Build.0 = Debug|Any CPU
		{7019AC28-236C-4988-9D7C-D198AF44B964}.Release|Any CPU.ActiveCfg = Release|Any CPU
		{7019AC28-236C-4988-9D7C-D198AF44B964}.Release|Any CPU.Build.0 = Release|Any CPU
	EndGlobalSection
	GlobalSection(SolutionProperties) = preSolution
		HideSolutionNode = FALSE
	EndGlobalSection
	GlobalSection(TeamFoundationVersionControl) = preSolution
		SccNumberOfProjects = 7
		SccEnterpriseProvider = {4CA58AB2-18FA-4F8D-95D4-32DDF27D184C}
		SccTeamFoundationServer = http://devtfs:8080/tfs/norma
		SccLocalPath0 = .
		SccProjectUniqueName1 = GpbEstateAntiFraud.Core\\GpbEstateAntiFraud.Core.csproj
		SccProjectName1 = GpbEstateAntiFraud.Core
		SccLocalPath1 = GpbEstateAntiFraud.Core
		SccProjectUniqueName2 = GpbEstateAntiFraud.Data\\GpbEstateAntiFraud.Data.csproj
		SccProjectName2 = GpbEstateAntiFraud.Data
		SccLocalPath2 = GpbEstateAntiFraud.Data
		SccProjectUniqueName3 = GpbEstateAntiFraud\\GpbEstateAntiFraud.csproj
		SccProjectName3 = GpbEstateAntiFraud
		SccLocalPath3 = GpbEstateAntiFraud
		SccProjectUniqueName4 = Algorithms\\Algorithms.csproj
		SccProjectName4 = Algorithms
		SccLocalPath4 = Algorithms
		SccProjectUniqueName5 = Algorithms.Actors\\Algorithms.Actors.csproj
		SccProjectName5 = Algorithms.Actors
		SccLocalPath5 = Algorithms.Actors
		SccProjectUniqueName6 = IntegrationServices\\IntegrationServices.csproj
		SccProjectName6 = IntegrationServices
		SccLocalPath6 = IntegrationServices
	EndGlobalSection
EndGlobal
